
Microsoft Visual Studio Solution File, Format Version 12.00
# Visual Studio Version 17
VisualStudioVersion = 17.5.33516.290
MinimumVisualStudioVersion = 10.0.40219.1
Project("{FAE04EC0-301F-11D3-BF4B-00C04F79EFBC}") = "WebAppDevops", "WebAppDevops\WebAppDevops.csproj", "{A7C38B33-E1B6-46CB-A66D-5B73B9D6CADF}"
EndProject
Global
	GlobalSection(SolutionConfigurationPlatforms) = preSolution
		Debug|Any CPU = Debug|Any CPU
		Release|Any CPU = Release|Any CPU
	EndGlobalSection
	GlobalSection(ProjectConfigurationPlatforms) = postSolution
		{A7C38B33-E1B6-46CB-A66D-5B73B9D6CADF}.Debug|Any CPU.ActiveCfg = Debug|Any CPU
		{A7C38B33-E1B6-46CB-A66D-5B73B9D6CADF}.Debug|Any CPU.Build.0 = Debug|Any CPU
		{A7C38B33-E1B6-46CB-A66D-5B73B9D6CADF}.Release|Any CPU.ActiveCfg = Release|Any CPU
		{A7C38B33-E1B6-46CB-A66D-5B73B9D6CADF}.Release|Any CPU.Build.0 = Release|Any CPU
	EndGlobalSection
	GlobalSection(SolutionProperties) = preSolution
		HideSolutionNode = FALSE
	EndGlobalSection
	GlobalSection(ExtensibilityGlobals) = postSolution
		SolutionGuid = {75F51C6C-A7F6-4FE2-9339-8B1D5DDB8F62}
	EndGlobalSection
EndGlobal
